
Microsoft Visual Studio Solution File, Format Version 12.00
# Visual Studio Version 17
VisualStudioVersion = 17.6.33723.286
MinimumVisualStudioVersion = 10.0.40219.1
Project("{FAE04EC0-301F-11D3-BF4B-00C04F79EFBC}") = "HoI Ultimate Bravery", "HoI Ultimate Bravery.csproj", "{E6160613-3C15-4886-9C6B-3641A5F2DE04}"
EndProject
Global
	GlobalSection(SolutionConfigurationPlatforms) = preSolution
		Debug|Any CPU = Debug|Any CPU
		Release|Any CPU = Release|Any CPU
	EndGlobalSection
	GlobalSection(ProjectConfigurationPlatforms) = postSolution
		{E6160613-3C15-4886-9C6B-3641A5F2DE04}.Debug|Any CPU.ActiveCfg = Debug|Any CPU
		{E6160613-3C15-4886-9C6B-3641A5F2DE04}.Debug|Any CPU.Build.0 = Debug|Any CPU
		{E6160613-3C15-4886-9C6B-3641A5F2DE04}.Release|Any CPU.ActiveCfg = Release|Any CPU
		{E6160613-3C15-4886-9C6B-3641A5F2DE04}.Release|Any CPU.Build.0 = Release|Any CPU
	EndGlobalSection
	GlobalSection(SolutionProperties) = preSolution
		HideSolutionNode = FALSE
	EndGlobalSection
	GlobalSection(ExtensibilityGlobals) = postSolution
		SolutionGuid = {FDBB7CE8-334C-42D1-99C4-1C1BA8726ECA}
	EndGlobalSection
EndGlobal
